
Microsoft Visual Studio Solution File, Format Version 12.00
# Visual Studio Version 16
VisualStudioVersion = 16.0.29905.134
MinimumVisualStudioVersion = 10.0.40219.1
Project("{FAE04EC0-301F-11D3-BF4B-00C04F79EFBC}") = "DesignPatterns", "DesignPatterns\DesignPatterns.csproj", "{8AA70CC8-76B5-4C48-BB19-1983DBCEA1E1}"
EndProject
Global
	GlobalSection(SolutionConfigurationPlatforms) = preSolution
		Debug|Any CPU = Debug|Any CPU
		Release|Any CPU = Release|Any CPU
	EndGlobalSection
	GlobalSection(ProjectConfigurationPlatforms) = postSolution
		{8AA70CC8-76B5-4C48-BB19-1983DBCEA1E1}.Debug|Any CPU.ActiveCfg = Debug|Any CPU
		{8AA70CC8-76B5-4C48-BB19-1983DBCEA1E1}.Debug|Any CPU.Build.0 = Debug|Any CPU
		{8AA70CC8-76B5-4C48-BB19-1983DBCEA1E1}.Release|Any CPU.ActiveCfg = Release|Any CPU
		{8AA70CC8-76B5-4C48-BB19-1983DBCEA1E1}.Release|Any CPU.Build.0 = Release|Any CPU
	EndGlobalSection
	GlobalSection(SolutionProperties) = preSolution
		HideSolutionNode = FALSE
	EndGlobalSection
	GlobalSection(ExtensibilityGlobals) = postSolution
		SolutionGuid = {DACEFBF1-EF8F-473B-9EBE-18D9976486A9}
	EndGlobalSection
EndGlobal
